<?xml version="1.0" encoding="utf-8"?>
<Project ToolsVersion="4.0" xmlns="http://schemas.microsoft.com/developer/msbuild/2003">
  <ItemGroup>
    <Filter Include="Source Files">
      <UniqueIdentifier>{4FC737F1-C7A5-4376-A066-2A32D752A2FF}</UniqueIdentifier>
      <Extensions>cpp;c;cc;cxx;c++;cppm;ixx;def;odl;idl;hpj;bat;asm;asmx</Extensions>
    </Filter>
    <Filter Include="Header Files">
      <UniqueIdentifier>{93995380-89BD-4b04-88EB-625FBE52EBFB}</UniqueIdentifier>
      <Extensions>h;hh;hpp;hxx;h++;hm;inl;inc;ipp;xsd</Extensions>
    </Filter>
    <Filter Include="Resource Files">
      <UniqueIdentifier>{67DA6AB6-F800-4c08-8B7A-83BB121AAD01}</UniqueIdentifier>
      <Extensions>rc;ico;cur;bmp;dlg;rc2;rct;bin;rgs;gif;jpg;jpeg;jpe;resx;tiff;tif;png;wav;mfcribbon-ms</Extensions>
    </Filter>
    <Filter Include="Resource Files\ImGui">
      <UniqueIdentifier>{3fa9af8c-a2f6-415a-bf94-47526b6aa25a}</UniqueIdentifier>
    </Filter>
    <Filter Include="Resource Files\MinHook">
      <UniqueIdentifier>{8f9452df-f1d6-4cdd-9d6f-1662adac1043}</UniqueIdentifier>
    </Filter>
    <Filter Include="Source Files\Menu">
      <UniqueIdentifier>{e3b40fb2-c17d-4152-99f7-df5708561c28}</UniqueIdentifier>
    </Filter>
    <Filter Include="Header Files\Menu">
      <UniqueIdentifier>{b1f78caa-272c-4c25-851a-a186b3451a65}</UniqueIdentifier>
    </Filter>
    <Filter Include="Header Files\Game">
      <UniqueIdentifier>{b0e61e58-05a4-44f5-9c0e-9bf5c2d45327}</UniqueIdentifier>
    </Filter>
    <Filter Include="Source Files\Game">
      <UniqueIdentifier>{e37f2d3e-a33a-4992-9b66-4a121c08e887}</UniqueIdentifier>
    </Filter>
  </ItemGroup>
  <ItemGroup>
    <ClInclude Include="Common.hpp">
      <Filter>Header Files</Filter>
    </ClInclude>
    <ClInclude Include="Game.hpp">
      <Filter>Header Files</Filter>
    </ClInclude>
    <ClInclude Include="Hooking.hpp">
      <Filter>Header Files</Filter>
    </ClInclude>
    <ClInclude Include="ImGui\imconfig.h">
      <Filter>Resource Files\ImGui</Filter>
    </ClInclude>
    <ClInclude Include="ImGui\imgui.h">
      <Filter>Resource Files\ImGui</Filter>
    </ClInclude>
    <ClInclude Include="ImGui\imgui_impl_dx9.h">
      <Filter>Resource Files\ImGui</Filter>
    </ClInclude>
    <ClInclude Include="ImGui\imgui_impl_dx10.h">
      <Filter>Resource Files\ImGui</Filter>
    </ClInclude>
    <ClInclude Include="ImGui\imgui_impl_dx11.h">
      <Filter>Resource Files\ImGui</Filter>
    </ClInclude>
    <ClInclude Include="ImGui\imgui_impl_dx12.h">
      <Filter>Resource Files\ImGui</Filter>
    </ClInclude>
    <ClInclude Include="ImGui\imgui_impl_win32.h">
      <Filter>Resource Files\ImGui</Filter>
    </ClInclude>
    <ClInclude Include="ImGui\imgui_internal.h">
      <Filter>Resource Files\ImGui</Filter>
    </ClInclude>
    <ClInclude Include="ImGui\imstb_rectpack.h">
      <Filter>Resource Files\ImGui</Filter>
    </ClInclude>
    <ClInclude Include="ImGui\imstb_textedit.h">
      <Filter>Resource Files\ImGui</Filter>
    </ClInclude>
    <ClInclude Include="ImGui\imstb_truetype.h">
      <Filter>Resource Files\ImGui</Filter>
    </ClInclude>
    <ClInclude Include="Minhook\include\MinHook.h">
      <Filter>Resource Files\MinHook</Filter>
    </ClInclude>
    <ClInclude Include="Minhook\src\buffer.h">
      <Filter>Resource Files\MinHook</Filter>
    </ClInclude>
    <ClInclude Include="Minhook\src\trampoline.h">
      <Filter>Resource Files\MinHook</Filter>
    </ClInclude>
    <ClInclude Include="Minhook\src\HDE\hde32.h">
      <Filter>Resource Files\MinHook</Filter>
    </ClInclude>
    <ClInclude Include="Minhook\src\HDE\hde64.h">
      <Filter>Resource Files\MinHook</Filter>
    </ClInclude>
    <ClInclude Include="Minhook\src\HDE\pstdint.h">
      <Filter>Resource Files\MinHook</Filter>
    </ClInclude>
    <ClInclude Include="Minhook\src\HDE\table32.h">
      <Filter>Resource Files\MinHook</Filter>
    </ClInclude>
    <ClInclude Include="Minhook\src\HDE\table64.h">
      <Filter>Resource Files\MinHook</Filter>
    </ClInclude>
    <ClInclude Include="Memory.hpp">
      <Filter>Header Files</Filter>
    </ClInclude>
    <ClInclude Include="D3DRenderer.hpp">
      <Filter>Header Files\Menu</Filter>
    </ClInclude>
    <ClInclude Include="Menu.hpp">
      <Filter>Header Files\Menu</Filter>
    </ClInclude>
    <ClInclude Include="GameDataMan.hpp">
      <Filter>Header Files\Game</Filter>
    </ClInclude>
    <ClInclude Include="GameEnums.hpp">
      <Filter>Header Files\Game</Filter>
    </ClInclude>
    <ClInclude Include="ChrIns.hpp">
      <Filter>Header Files</Filter>
    </ClInclude>
    <ClInclude Include="ChrModules.hpp">
      <Filter>Header Files</Filter>
    </ClInclude>
    <ClInclude Include="Vector.hpp">
      <Filter>Header Files</Filter>
    </ClInclude>
  </ItemGroup>
  <ItemGroup>
    <ClCompile Include="dllmain.cpp">
      <Filter>Source Files</Filter>
    </ClCompile>
    <ClCompile Include="Common.cpp">
      <Filter>Source Files</Filter>
    </ClCompile>
    <ClCompile Include="Game.cpp">
      <Filter>Source Files</Filter>
    </ClCompile>
    <ClCompile Include="Hooking.cpp">
      <Filter>Source Files</Filter>
    </ClCompile>
    <ClCompile Include="ImGui\imgui.cpp">
      <Filter>Resource Files\ImGui</Filter>
    </ClCompile>
    <ClCompile Include="ImGui\imgui_demo.cpp">
      <Filter>Resource Files\ImGui</Filter>
    </ClCompile>
    <ClCompile Include="ImGui\imgui_draw.cpp">
      <Filter>Resource Files\ImGui</Filter>
    </ClCompile>
    <ClCompile Include="ImGui\imgui_impl_dx9.cpp">
      <Filter>Resource Files\ImGui</Filter>
    </ClCompile>
    <ClCompile Include="ImGui\imgui_impl_dx10.cpp">
      <Filter>Resource Files\ImGui</Filter>
    </ClCompile>
    <ClCompile Include="ImGui\imgui_impl_dx11.cpp">
      <Filter>Resource Files\ImGui</Filter>
    </ClCompile>
    <ClCompile Include="ImGui\imgui_impl_dx12.cpp">
      <Filter>Resource Files\ImGui</Filter>
    </ClCompile>
    <ClCompile Include="ImGui\imgui_impl_win32.cpp">
      <Filter>Resource Files\ImGui</Filter>
    </ClCompile>
    <ClCompile Include="ImGui\imgui_tables.cpp">
      <Filter>Resource Files\ImGui</Filter>
    </ClCompile>
    <ClCompile Include="ImGui\imgui_widgets.cpp">
      <Filter>Resource Files\ImGui</Filter>
    </ClCompile>
    <ClCompile Include="Minhook\src\buffer.c">
      <Filter>Resource Files\MinHook</Filter>
    </ClCompile>
    <ClCompile Include="Minhook\src\hook.c">
      <Filter>Resource Files\MinHook</Filter>
    </ClCompile>
    <ClCompile Include="Minhook\src\trampoline.c">
      <Filter>Resource Files\MinHook</Filter>
    </ClCompile>
    <ClCompile Include="Minhook\src\HDE\hde32.c">
      <Filter>Resource Files\MinHook</Filter>
    </ClCompile>
    <ClCompile Include="Minhook\src\HDE\hde64.c">
      <Filter>Resource Files\MinHook</Filter>
    </ClCompile>
    <ClCompile Include="D3DRenderer.cpp">
      <Filter>Source Files\Menu</Filter>
    </ClCompile>
    <ClCompile Include="Menu.cpp">
      <Filter>Source Files\Menu</Filter>
    </ClCompile>
    <ClCompile Include="GameDataMan.cpp">
      <Filter>Source Files\Game</Filter>
    </ClCompile>
    <ClCompile Include="ChrIns.cpp">
      <Filter>Source Files</Filter>
    </ClCompile>
    <ClCompile Include="ChrModules.cpp">
      <Filter>Source Files</Filter>
    </ClCompile>
    <ClCompile Include="WorldCharMan.cpp">
      <Filter>Source Files\Game</Filter>
    </ClCompile>
    <ClCompile Include="Console.cpp">
      <Filter>Source Files\Menu</Filter>
    </ClCompile>
  </ItemGroup>
  <ItemGroup>
    <None Include="Minhook\src\.gitkeep">
      <Filter>Resource Files\MinHook</Filter>
    </None>
    <None Include="Minhook\src\HDE\.gitkeep">
      <Filter>Resource Files\MinHook</Filter>
    </None>
  </ItemGroup>
</Project>